
Microsoft Visual Studio Solution File, Format Version 12.00
# Visual Studio 15
VisualStudioVersion = 15.0.28010.2003
MinimumVisualStudioVersion = 10.0.40219.1
Project("{FAE04EC0-301F-11D3-BF4B-00C04F79EFBC}") = "TestTask.Android", "TestTask\TestTask.Android\TestTask.Android.csproj", "{497142E5-0D9A-415A-9FCF-82E66A73889F}"
EndProject
Project("{FAE04EC0-301F-11D3-BF4B-00C04F79EFBC}") = "TestTask.iOS", "TestTask\TestTask.iOS\TestTask.iOS.csproj", "{BBBD54D7-CD41-4230-9A64-6E3141C5E5D7}"
EndProject
Project("{FAE04EC0-301F-11D3-BF4B-00C04F79EFBC}") = "TestTask", "TestTask\TestTask\TestTask.csproj", "{1262F806-83FB-4445-B7D0-28B0496DE6B8}"
EndProject
Global
	GlobalSection(SolutionConfigurationPlatforms) = preSolution
		Ad-Hoc|Any CPU = Ad-Hoc|Any CPU
		Ad-Hoc|iPhone = Ad-Hoc|iPhone
		Ad-Hoc|iPhoneSimulator = Ad-Hoc|iPhoneSimulator
		AppStore|Any CPU = AppStore|Any CPU
		AppStore|iPhone = AppStore|iPhone
		AppStore|iPhoneSimulator = AppStore|iPhoneSimulator
		Debug|Any CPU = Debug|Any CPU
		Debug|iPhone = Debug|iPhone
		Debug|iPhoneSimulator = Debug|iPhoneSimulator
		Release|Any CPU = Release|Any CPU
		Release|iPhone = Release|iPhone
		Release|iPhoneSimulator = Release|iPhoneSimulator
	EndGlobalSection
	GlobalSection(ProjectConfigurationPlatforms) = postSolution
		{497142E5-0D9A-415A-9FCF-82E66A73889F}.Ad-Hoc|Any CPU.ActiveCfg = Release|Any CPU
		{497142E5-0D9A-415A-9FCF-82E66A73889F}.Ad-Hoc|Any CPU.Build.0 = Release|Any CPU
		{497142E5-0D9A-415A-9FCF-82E66A73889F}.Ad-Hoc|Any CPU.Deploy.0 = Release|Any CPU
		{497142E5-0D9A-415A-9FCF-82E66A73889F}.Ad-Hoc|iPhone.ActiveCfg = Release|Any CPU
		{497142E5-0D9A-415A-9FCF-82E66A73889F}.Ad-Hoc|iPhone.Build.0 = Release|Any CPU
		{497142E5-0D9A-415A-9FCF-82E66A73889F}.Ad-Hoc|iPhone.Deploy.0 = Release|Any CPU
		{497142E5-0D9A-415A-9FCF-82E66A73889F}.Ad-Hoc|iPhoneSimulator.ActiveCfg = Release|Any CPU
		{497142E5-0D9A-415A-9FCF-82E66A73889F}.Ad-Hoc|iPhoneSimulator.Build.0 = Release|Any CPU
		{497142E5-0D9A-415A-9FCF-82E66A73889F}.Ad-Hoc|iPhoneSimulator.Deploy.0 = Release|Any CPU
		{497142E5-0D9A-415A-9FCF-82E66A73889F}.AppStore|Any CPU.ActiveCfg = Release|Any CPU
		{497142E5-0D9A-415A-9FCF-82E66A73889F}.AppStore|Any CPU.Build.0 = Release|Any CPU
		{497142E5-0D9A-415A-9FCF-82E66A73889F}.AppStore|Any CPU.Deploy.0 = Release|Any CPU
		{497142E5-0D9A-415A-9FCF-82E66A73889F}.AppStore|iPhone.ActiveCfg = Release|Any CPU
		{497142E5-0D9A-415A-9FCF-82E66A73889F}.AppStore|iPhone.Build.0 = Release|Any CPU
		{497142E5-0D9A-415A-9FCF-82E66A73889F}.AppStore|iPhone.Deploy.0 = Release|Any CPU
		{497142E5-0D9A-415A-9FCF-82E66A73889F}.AppStore|iPhoneSimulator.ActiveCfg = Release|Any CPU
		{497142E5-0D9A-415A-9FCF-82E66A73889F}.AppStore|iPhoneSimulator.Build.0 = Release|Any CPU
		{497142E5-0D9A-415A-9FCF-82E66A73889F}.AppStore|iPhoneSimulator.Deploy.0 = Release|Any CPU
		{497142E5-0D9A-415A-9FCF-82E66A73889F}.Debug|Any CPU.ActiveCfg = Debug|Any CPU
		{497142E5-0D9A-415A-9FCF-82E66A73889F}.Debug|Any CPU.Build.0 = Debug|Any CPU
		{497142E5-0D9A-415A-9FCF-82E66A73889F}.Debug|Any CPU.Deploy.0 = Debug|Any CPU
		{497142E5-0D9A-415A-9FCF-82E66A73889F}.Debug|iPhone.ActiveCfg = Debug|Any CPU
		{497142E5-0D9A-415A-9FCF-82E66A73889F}.Debug|iPhone.Build.0 = Debug|Any CPU
		{497142E5-0D9A-415A-9FCF-82E66A73889F}.Debug|iPhone.Deploy.0 = Debug|Any CPU
		{497142E5-0D9A-415A-9FCF-82E66A73889F}.Debug|iPhoneSimulator.ActiveCfg = Debug|Any CPU
		{497142E5-0D9A-415A-9FCF-82E66A73889F}.Debug|iPhoneSimulator.Build.0 = Debug|Any CPU
		{497142E5-0D9A-415A-9FCF-82E66A73889F}.Debug|iPhoneSimulator.Deploy.0 = Debug|Any CPU
		{497142E5-0D9A-415A-9FCF-82E66A73889F}.Release|Any CPU.ActiveCfg = Release|Any CPU
		{497142E5-0D9A-415A-9FCF-82E66A73889F}.Release|Any CPU.Build.0 = Release|Any CPU
		{497142E5-0D9A-415A-9FCF-82E66A73889F}.Release|Any CPU.Deploy.0 = Release|Any CPU
		{497142E5-0D9A-415A-9FCF-82E66A73889F}.Release|iPhone.ActiveCfg = Release|Any CPU
		{497142E5-0D9A-415A-9FCF-82E66A73889F}.Release|iPhone.Build.0 = Release|Any CPU
		{497142E5-0D9A-415A-9FCF-82E66A73889F}.Release|iPhone.Deploy.0 = Release|Any CPU
		{497142E5-0D9A-415A-9FCF-82E66A73889F}.Release|iPhoneSimulator.ActiveCfg = Release|Any CPU
		{497142E5-0D9A-415A-9FCF-82E66A73889F}.Release|iPhoneSimulator.Build.0 = Release|Any CPU
		{497142E5-0D9A-415A-9FCF-82E66A73889F}.Release|iPhoneSimulator.Deploy.0 = Release|Any CPU
		{BBBD54D7-CD41-4230-9A64-6E3141C5E5D7}.Ad-Hoc|Any CPU.ActiveCfg = Ad-Hoc|iPhone
		{BBBD54D7-CD41-4230-9A64-6E3141C5E5D7}.Ad-Hoc|Any CPU.Build.0 = Ad-Hoc|iPhone
		{BBBD54D7-CD41-4230-9A64-6E3141C5E5D7}.Ad-Hoc|Any CPU.Deploy.0 = Ad-Hoc|iPhone
		{BBBD54D7-CD41-4230-9A64-6E3141C5E5D7}.Ad-Hoc|iPhone.ActiveCfg = Ad-Hoc|iPhone
		{BBBD54D7-CD41-4230-9A64-6E3141C5E5D7}.Ad-Hoc|iPhone.Build.0 = Ad-Hoc|iPhone
		{BBBD54D7-CD41-4230-9A64-6E3141C5E5D7}.Ad-Hoc|iPhone.Deploy.0 = Ad-Hoc|iPhone
		{BBBD54D7-CD41-4230-9A64-6E3141C5E5D7}.Ad-Hoc|iPhoneSimulator.ActiveCfg = Ad-Hoc|iPhoneSimulator
		{BBBD54D7-CD41-4230-9A64-6E3141C5E5D7}.Ad-Hoc|iPhoneSimulator.Build.0 = Ad-Hoc|iPhoneSimulator
		{BBBD54D7-CD41-4230-9A64-6E3141C5E5D7}.Ad-Hoc|iPhoneSimulator.Deploy.0 = Ad-Hoc|iPhoneSimulator
		{BBBD54D7-CD41-4230-9A64-6E3141C5E5D7}.AppStore|Any CPU.ActiveCfg = AppStore|iPhone
		{BBBD54D7-CD41-4230-9A64-6E3141C5E5D7}.AppStore|Any CPU.Build.0 = AppStore|iPhone
		{BBBD54D7-CD41-4230-9A64-6E3141C5E5D7}.AppStore|Any CPU.Deploy.0 = AppStore|iPhone
		{BBBD54D7-CD41-4230-9A64-6E3141C5E5D7}.AppStore|iPhone.ActiveCfg = AppStore|iPhone
		{BBBD54D7-CD41-4230-9A64-6E3141C5E5D7}.AppStore|iPhone.Build.0 = AppStore|iPhone
		{BBBD54D7-CD41-4230-9A64-6E3141C5E5D7}.AppStore|iPhone.Deploy.0 = AppStore|iPhone
		{BBBD54D7-CD41-4230-9A64-6E3141C5E5D7}.AppStore|iPhoneSimulator.ActiveCfg = AppStore|iPhoneSimulator
		{BBBD54D7-CD41-4230-9A64-6E3141C5E5D7}.AppStore|iPhoneSimulator.Build.0 = AppStore|iPhoneSimulator
		{BBBD54D7-CD41-4230-9A64-6E3141C5E5D7}.AppStore|iPhoneSimulator.Deploy.0 = AppStore|iPhoneSimulator
		{BBBD54D7-CD41-4230-9A64-6E3141C5E5D7}.Debug|Any CPU.ActiveCfg = Debug|iPhoneSimulator
		{BBBD54D7-CD41-4230-9A64-6E3141C5E5D7}.Debug|Any CPU.Build.0 = Debug|iPhoneSimulator
		{BBBD54D7-CD41-4230-9A64-6E3141C5E5D7}.Debug|Any CPU.Deploy.0 = Debug|iPhoneSimulator
		{BBBD54D7-CD41-4230-9A64-6E3141C5E5D7}.Debug|iPhone.ActiveCfg = Debug|iPhone
		{BBBD54D7-CD41-4230-9A64-6E3141C5E5D7}.Debug|iPhone.Build.0 = Debug|iPhone
		{BBBD54D7-CD41-4230-9A64-6E3141C5E5D7}.Debug|iPhone.Deploy.0 = Debug|iPhone
		{BBBD54D7-CD41-4230-9A64-6E3141C5E5D7}.Debug|iPhoneSimulator.ActiveCfg = Debug|iPhoneSimulator
		{BBBD54D7-CD41-4230-9A64-6E3141C5E5D7}.Debug|iPhoneSimulator.Build.0 = Debug|iPhoneSimulator
		{BBBD54D7-CD41-4230-9A64-6E3141C5E5D7}.Debug|iPhoneSimulator.Deploy.0 = Debug|iPhoneSimulator
		{BBBD54D7-CD41-4230-9A64-6E3141C5E5D7}.Release|Any CPU.ActiveCfg = Release|iPhone
		{BBBD54D7-CD41-4230-9A64-6E3141C5E5D7}.Release|Any CPU.Build.0 = Release|iPhone
		{BBBD54D7-CD41-4230-9A64-6E3141C5E5D7}.Release|Any CPU.Deploy.0 = Release|iPhone
		{BBBD54D7-CD41-4230-9A64-6E3141C5E5D7}.Release|iPhone.ActiveCfg = Release|iPhone
		{BBBD54D7-CD41-4230-9A64-6E3141C5E5D7}.Release|iPhone.Build.0 = Release|iPhone
		{BBBD54D7-CD41-4230-9A64-6E3141C5E5D7}.Release|iPhone.Deploy.0 = Release|iPhone
		{BBBD54D7-CD41-4230-9A64-6E3141C5E5D7}.Release|iPhoneSimulator.ActiveCfg = Release|iPhoneSimulator
		{BBBD54D7-CD41-4230-9A64-6E3141C5E5D7}.Release|iPhoneSimulator.Build.0 = Release|iPhoneSimulator
		{BBBD54D7-CD41-4230-9A64-6E3141C5E5D7}.Release|iPhoneSimulator.Deploy.0 = Release|iPhoneSimulator
		{1262F806-83FB-4445-B7D0-28B0496DE6B8}.Ad-Hoc|Any CPU.ActiveCfg = Debug|Any CPU
		{1262F806-83FB-4445-B7D0-28B0496DE6B8}.Ad-Hoc|Any CPU.Build.0 = Debug|Any CPU
		{1262F806-83FB-4445-B7D0-28B0496DE6B8}.Ad-Hoc|Any CPU.Deploy.0 = Debug|Any CPU
		{1262F806-83FB-4445-B7D0-28B0496DE6B8}.Ad-Hoc|iPhone.ActiveCfg = Debug|Any CPU
		{1262F806-83FB-4445-B7D0-28B0496DE6B8}.Ad-Hoc|iPhone.Build.0 = Debug|Any CPU
		{1262F806-83FB-4445-B7D0-28B0496DE6B8}.Ad-Hoc|iPhone.Deploy.0 = Debug|Any CPU
		{1262F806-83FB-4445-B7D0-28B0496DE6B8}.Ad-Hoc|iPhoneSimulator.ActiveCfg = Debug|Any CPU
		{1262F806-83FB-4445-B7D0-28B0496DE6B8}.Ad-Hoc|iPhoneSimulator.Build.0 = Debug|Any CPU
		{1262F806-83FB-4445-B7D0-28B0496DE6B8}.Ad-Hoc|iPhoneSimulator.Deploy.0 = Debug|Any CPU
		{1262F806-83FB-4445-B7D0-28B0496DE6B8}.AppStore|Any CPU.ActiveCfg = Debug|Any CPU
		{1262F806-83FB-4445-B7D0-28B0496DE6B8}.AppStore|Any CPU.Build.0 = Debug|Any CPU
		{1262F806-83FB-4445-B7D0-28B0496DE6B8}.AppStore|Any CPU.Deploy.0 = Debug|Any CPU
		{1262F806-83FB-4445-B7D0-28B0496DE6B8}.AppStore|iPhone.ActiveCfg = Debug|Any CPU
		{1262F806-83FB-4445-B7D0-28B0496DE6B8}.AppStore|iPhone.Build.0 = Debug|Any CPU
		{1262F806-83FB-4445-B7D0-28B0496DE6B8}.AppStore|iPhone.Deploy.0 = Debug|Any CPU
		{1262F806-83FB-4445-B7D0-28B0496DE6B8}.AppStore|iPhoneSimulator.ActiveCfg = Debug|Any CPU
		{1262F806-83FB-4445-B7D0-28B0496DE6B8}.AppStore|iPhoneSimulator.Build.0 = Debug|Any CPU
		{1262F806-83FB-4445-B7D0-28B0496DE6B8}.AppStore|iPhoneSimulator.Deploy.0 = Debug|Any CPU
		{1262F806-83FB-4445-B7D0-28B0496DE6B8}.Debug|Any CPU.ActiveCfg = Debug|Any CPU
		{1262F806-83FB-4445-B7D0-28B0496DE6B8}.Debug|Any CPU.Build.0 = Debug|Any CPU
		{1262F806-83FB-4445-B7D0-28B0496DE6B8}.Debug|Any CPU.Deploy.0 = Debug|Any CPU
		{1262F806-83FB-4445-B7D0-28B0496DE6B8}.Debug|iPhone.ActiveCfg = Debug|Any CPU
		{1262F806-83FB-4445-B7D0-28B0496DE6B8}.Debug|iPhone.Build.0 = Debug|Any CPU
		{1262F806-83FB-4445-B7D0-28B0496DE6B8}.Debug|iPhone.Deploy.0 = Debug|Any CPU
		{1262F806-83FB-4445-B7D0-28B0496DE6B8}.Debug|iPhoneSimulator.ActiveCfg = Debug|Any CPU
		{1262F806-83FB-4445-B7D0-28B0496DE6B8}.Debug|iPhoneSimulator.Build.0 = Debug|Any CPU
		{1262F806-83FB-4445-B7D0-28B0496DE6B8}.Debug|iPhoneSimulator.Deploy.0 = Debug|Any CPU
		{1262F806-83FB-4445-B7D0-28B0496DE6B8}.Release|Any CPU.ActiveCfg = Release|Any CPU
		{1262F806-83FB-4445-B7D0-28B0496DE6B8}.Release|Any CPU.Build.0 = Release|Any CPU
		{1262F806-83FB-4445-B7D0-28B0496DE6B8}.Release|Any CPU.Deploy.0 = Release|Any CPU
		{1262F806-83FB-4445-B7D0-28B0496DE6B8}.Release|iPhone.ActiveCfg = Release|Any CPU
		{1262F806-83FB-4445-B7D0-28B0496DE6B8}.Release|iPhone.Build.0 = Release|Any CPU
		{1262F806-83FB-4445-B7D0-28B0496DE6B8}.Release|iPhone.Deploy.0 = Release|Any CPU
		{1262F806-83FB-4445-B7D0-28B0496DE6B8}.Release|iPhoneSimulator.ActiveCfg = Release|Any CPU
		{1262F806-83FB-4445-B7D0-28B0496DE6B8}.Release|iPhoneSimulator.Build.0 = Release|Any CPU
		{1262F806-83FB-4445-B7D0-28B0496DE6B8}.Release|iPhoneSimulator.Deploy.0 = Release|Any CPU
	EndGlobalSection
	GlobalSection(SolutionProperties) = preSolution
		HideSolutionNode = FALSE
	EndGlobalSection
	GlobalSection(ExtensibilityGlobals) = postSolution
		SolutionGuid = {436CFEC7-83A0-42FE-9D16-6AF0BAC9EEE0}
	EndGlobalSection
EndGlobal
